
Microsoft Visual Studio Solution File, Format Version 12.00
# Visual Studio 15
VisualStudioVersion = 15.0.28307.1062
MinimumVisualStudioVersion = 10.0.40219.1
Project("{FAE04EC0-301F-11D3-BF4B-00C04F79EFBC}") = "Lista_Contato", "Lista_Contato\Lista_Contato.csproj", "{12AA8EED-780A-4505-BD82-653609A4120B}"
EndProject
Global
	GlobalSection(SolutionConfigurationPlatforms) = preSolution
		Debug|Any CPU = Debug|Any CPU
		Release|Any CPU = Release|Any CPU
	EndGlobalSection
	GlobalSection(ProjectConfigurationPlatforms) = postSolution
		{12AA8EED-780A-4505-BD82-653609A4120B}.Debug|Any CPU.ActiveCfg = Debug|Any CPU
		{12AA8EED-780A-4505-BD82-653609A4120B}.Debug|Any CPU.Build.0 = Debug|Any CPU
		{12AA8EED-780A-4505-BD82-653609A4120B}.Release|Any CPU.ActiveCfg = Release|Any CPU
		{12AA8EED-780A-4505-BD82-653609A4120B}.Release|Any CPU.Build.0 = Release|Any CPU
	EndGlobalSection
	GlobalSection(SolutionProperties) = preSolution
		HideSolutionNode = FALSE
	EndGlobalSection
	GlobalSection(ExtensibilityGlobals) = postSolution
		SolutionGuid = {4F01A1EF-6CFE-4F76-98FD-A9C623AA32E4}
	EndGlobalSection
EndGlobal
